
Microsoft Visual Studio Solution File, Format Version 12.00
# Visual Studio Version 16
VisualStudioVersion = 16.0.28803.156
MinimumVisualStudioVersion = 10.0.40219.1
Project("{9A19103F-16F7-4668-BE54-9A1E7A4F7556}") = "gRPC.Test.Server", "gRPC.Test\gRPC.Test.Server\gRPC.Test.Server.csproj", "{21B92ACE-6BAA-4AA8-A6BE-EFE3F8CD4D55}"
EndProject
Project("{9A19103F-16F7-4668-BE54-9A1E7A4F7556}") = "gRPC.Test.Client", "gRPC.Test\gRPC.Test.Client\gRPC.Test.Client.csproj", "{F6037F40-712A-4867-96C3-04DB2504F676}"
EndProject
Global
	GlobalSection(SolutionConfigurationPlatforms) = preSolution
		Debug|Any CPU = Debug|Any CPU
		Release|Any CPU = Release|Any CPU
	EndGlobalSection
	GlobalSection(ProjectConfigurationPlatforms) = postSolution
		{21B92ACE-6BAA-4AA8-A6BE-EFE3F8CD4D55}.Debug|Any CPU.ActiveCfg = Debug|Any CPU
		{21B92ACE-6BAA-4AA8-A6BE-EFE3F8CD4D55}.Debug|Any CPU.Build.0 = Debug|Any CPU
		{21B92ACE-6BAA-4AA8-A6BE-EFE3F8CD4D55}.Release|Any CPU.ActiveCfg = Release|Any CPU
		{21B92ACE-6BAA-4AA8-A6BE-EFE3F8CD4D55}.Release|Any CPU.Build.0 = Release|Any CPU
		{F6037F40-712A-4867-96C3-04DB2504F676}.Debug|Any CPU.ActiveCfg = Debug|Any CPU
		{F6037F40-712A-4867-96C3-04DB2504F676}.Debug|Any CPU.Build.0 = Debug|Any CPU
		{F6037F40-712A-4867-96C3-04DB2504F676}.Release|Any CPU.ActiveCfg = Release|Any CPU
		{F6037F40-712A-4867-96C3-04DB2504F676}.Release|Any CPU.Build.0 = Release|Any CPU
	EndGlobalSection
	GlobalSection(SolutionProperties) = preSolution
		HideSolutionNode = FALSE
	EndGlobalSection
	GlobalSection(ExtensibilityGlobals) = postSolution
		SolutionGuid = {05B54ADE-B3DD-4C6F-AEEB-F3AA2670C6D6}
	EndGlobalSection
EndGlobal
